# This file is automatically @generated by Cargo.
# It is not intended for manual editing.
version = 4

[[package]]
name = "aether-audit"
version = "0.1.0"

[[package]]
name = "aether_asm"
version = "0.1.0"

[[package]]
name = "aether_rt"
version = "0.1.0"

[[package]]
name = "aetherc"
version = "0.1.0"

[[package]]
name = "trainer"
version = "0.1.0"
dependencies = [
 "aether_rt",
]
